
Microsoft Visual Studio Solution File, Format Version 12.00
# Visual Studio Version 17
VisualStudioVersion = 17.0.32014.148
MinimumVisualStudioVersion = 10.0.40219.1
Project("{2150E333-8FDC-42A3-9474-1A3956D46DE8}") = "Services", "Services", "{C0615F71-BE6E-433C-82C0-DFFB22864F0C}"
EndProject
Project("{2150E333-8FDC-42A3-9474-1A3956D46DE8}") = "Catalog", "Catalog", "{4B342A73-5879-421E-9045-C5467FE17A71}"
EndProject
Project("{9A19103F-16F7-4668-BE54-9A1E7A4F7556}") = "Catalog.API", "Services\Catalog\Catalog.API\Catalog.API.csproj", "{1D17D772-9775-4B33-85DD-49332729CABF}"
EndProject
Project("{E53339B2-1760-4266-BCC7-CA923CBCF16C}") = "docker-compose", "docker-compose.dcproj", "{8147F2F4-83FB-4233-A964-926770C844C7}"
EndProject
Project("{2150E333-8FDC-42A3-9474-1A3956D46DE8}") = "Basket", "Basket", "{FEC18339-8A67-4E57-BB6F-9C6A1F2958D3}"
EndProject
Project("{9A19103F-16F7-4668-BE54-9A1E7A4F7556}") = "Basket.API", "Services\Basket\Basket.API\Basket.API.csproj", "{D449BB38-8655-47FF-B462-578CFC3D756B}"
EndProject
Project("{2150E333-8FDC-42A3-9474-1A3956D46DE8}") = "Ordering", "Ordering", "{5301695E-21E9-4E76-A685-CC0A5F4C244E}"
EndProject
Project("{9A19103F-16F7-4668-BE54-9A1E7A4F7556}") = "Ordering.API", "Services\Ordering\Order.API\Ordering.API.csproj", "{0D098A00-9369-4DDB-A15D-817F4C732F02}"
EndProject
Project("{9A19103F-16F7-4668-BE54-9A1E7A4F7556}") = "Ordering.Domain", "Services\Ordering\Order.Domain\Ordering.Domain.csproj", "{1F49D30E-68F8-40D5-91D7-1AB3CB45A700}"
EndProject
Project("{9A19103F-16F7-4668-BE54-9A1E7A4F7556}") = "Ordering.Application", "Services\Ordering\Order.Application\Ordering.Application.csproj", "{8D183948-A046-4728-9A10-BD8A3996D7D3}"
EndProject
Project("{9A19103F-16F7-4668-BE54-9A1E7A4F7556}") = "Ordering.Infrastructure", "Services\Ordering\Order.Infrastructure\Ordering.Infrastructure.csproj", "{CEF4C8E0-B545-4042-8D6E-B3CE33BC6EBC}"
EndProject
Project("{2150E333-8FDC-42A3-9474-1A3956D46DE8}") = "BuildingBlocks", "BuildingBlocks", "{301B3D64-B432-4B4C-8468-E4C359BA85F9}"
EndProject
Project("{9A19103F-16F7-4668-BE54-9A1E7A4F7556}") = "EventBus.Messages", "BuildingBlocks\EventBus.Messages\EventBus.Messages.csproj", "{3484D79D-DDE5-425D-833A-DC4A92FFB2A5}"
EndProject
Project("{2150E333-8FDC-42A3-9474-1A3956D46DE8}") = "ApiGateways", "ApiGateways", "{EE763007-22C6-4CC8-AB33-CB68947F3EDF}"
EndProject
Project("{9A19103F-16F7-4668-BE54-9A1E7A4F7556}") = "OcelotApiGw", "ApiGateways\OcelotApiGw\OcelotApiGw.csproj", "{4F397BC3-B2D5-4A13-BAF1-CC30943637BC}"
EndProject
Global
	GlobalSection(SolutionConfigurationPlatforms) = preSolution
		Debug|Any CPU = Debug|Any CPU
		Release|Any CPU = Release|Any CPU
	EndGlobalSection
	GlobalSection(ProjectConfigurationPlatforms) = postSolution
		{1D17D772-9775-4B33-85DD-49332729CABF}.Debug|Any CPU.ActiveCfg = Debug|Any CPU
		{1D17D772-9775-4B33-85DD-49332729CABF}.Debug|Any CPU.Build.0 = Debug|Any CPU
		{1D17D772-9775-4B33-85DD-49332729CABF}.Release|Any CPU.ActiveCfg = Release|Any CPU
		{1D17D772-9775-4B33-85DD-49332729CABF}.Release|Any CPU.Build.0 = Release|Any CPU
		{8147F2F4-83FB-4233-A964-926770C844C7}.Debug|Any CPU.ActiveCfg = Debug|Any CPU
		{8147F2F4-83FB-4233-A964-926770C844C7}.Debug|Any CPU.Build.0 = Debug|Any CPU
		{8147F2F4-83FB-4233-A964-926770C844C7}.Release|Any CPU.ActiveCfg = Release|Any CPU
		{8147F2F4-83FB-4233-A964-926770C844C7}.Release|Any CPU.Build.0 = Release|Any CPU
		{D449BB38-8655-47FF-B462-578CFC3D756B}.Debug|Any CPU.ActiveCfg = Debug|Any CPU
		{D449BB38-8655-47FF-B462-578CFC3D756B}.Debug|Any CPU.Build.0 = Debug|Any CPU
		{D449BB38-8655-47FF-B462-578CFC3D756B}.Release|Any CPU.ActiveCfg = Release|Any CPU
		{D449BB38-8655-47FF-B462-578CFC3D756B}.Release|Any CPU.Build.0 = Release|Any CPU
		{0D098A00-9369-4DDB-A15D-817F4C732F02}.Debug|Any CPU.ActiveCfg = Debug|Any CPU
		{0D098A00-9369-4DDB-A15D-817F4C732F02}.Debug|Any CPU.Build.0 = Debug|Any CPU
		{0D098A00-9369-4DDB-A15D-817F4C732F02}.Release|Any CPU.ActiveCfg = Release|Any CPU
		{0D098A00-9369-4DDB-A15D-817F4C732F02}.Release|Any CPU.Build.0 = Release|Any CPU
		{1F49D30E-68F8-40D5-91D7-1AB3CB45A700}.Debug|Any CPU.ActiveCfg = Debug|Any CPU
		{1F49D30E-68F8-40D5-91D7-1AB3CB45A700}.Debug|Any CPU.Build.0 = Debug|Any CPU
		{1F49D30E-68F8-40D5-91D7-1AB3CB45A700}.Release|Any CPU.ActiveCfg = Release|Any CPU
		{1F49D30E-68F8-40D5-91D7-1AB3CB45A700}.Release|Any CPU.Build.0 = Release|Any CPU
		{8D183948-A046-4728-9A10-BD8A3996D7D3}.Debug|Any CPU.ActiveCfg = Debug|Any CPU
		{8D183948-A046-4728-9A10-BD8A3996D7D3}.Debug|Any CPU.Build.0 = Debug|Any CPU
		{8D183948-A046-4728-9A10-BD8A3996D7D3}.Release|Any CPU.ActiveCfg = Release|Any CPU
		{8D183948-A046-4728-9A10-BD8A3996D7D3}.Release|Any CPU.Build.0 = Release|Any CPU
		{CEF4C8E0-B545-4042-8D6E-B3CE33BC6EBC}.Debug|Any CPU.ActiveCfg = Debug|Any CPU
		{CEF4C8E0-B545-4042-8D6E-B3CE33BC6EBC}.Debug|Any CPU.Build.0 = Debug|Any CPU
		{CEF4C8E0-B545-4042-8D6E-B3CE33BC6EBC}.Release|Any CPU.ActiveCfg = Release|Any CPU
		{CEF4C8E0-B545-4042-8D6E-B3CE33BC6EBC}.Release|Any CPU.Build.0 = Release|Any CPU
		{3484D79D-DDE5-425D-833A-DC4A92FFB2A5}.Debug|Any CPU.ActiveCfg = Debug|Any CPU
		{3484D79D-DDE5-425D-833A-DC4A92FFB2A5}.Debug|Any CPU.Build.0 = Debug|Any CPU
		{3484D79D-DDE5-425D-833A-DC4A92FFB2A5}.Release|Any CPU.ActiveCfg = Release|Any CPU
		{3484D79D-DDE5-425D-833A-DC4A92FFB2A5}.Release|Any CPU.Build.0 = Release|Any CPU
		{4F397BC3-B2D5-4A13-BAF1-CC30943637BC}.Debug|Any CPU.ActiveCfg = Debug|Any CPU
		{4F397BC3-B2D5-4A13-BAF1-CC30943637BC}.Debug|Any CPU.Build.0 = Debug|Any CPU
		{4F397BC3-B2D5-4A13-BAF1-CC30943637BC}.Release|Any CPU.ActiveCfg = Release|Any CPU
		{4F397BC3-B2D5-4A13-BAF1-CC30943637BC}.Release|Any CPU.Build.0 = Release|Any CPU
	EndGlobalSection
	GlobalSection(SolutionProperties) = preSolution
		HideSolutionNode = FALSE
	EndGlobalSection
	GlobalSection(NestedProjects) = preSolution
		{4B342A73-5879-421E-9045-C5467FE17A71} = {C0615F71-BE6E-433C-82C0-DFFB22864F0C}
		{1D17D772-9775-4B33-85DD-49332729CABF} = {4B342A73-5879-421E-9045-C5467FE17A71}
		{FEC18339-8A67-4E57-BB6F-9C6A1F2958D3} = {C0615F71-BE6E-433C-82C0-DFFB22864F0C}
		{D449BB38-8655-47FF-B462-578CFC3D756B} = {FEC18339-8A67-4E57-BB6F-9C6A1F2958D3}
		{5301695E-21E9-4E76-A685-CC0A5F4C244E} = {C0615F71-BE6E-433C-82C0-DFFB22864F0C}
		{0D098A00-9369-4DDB-A15D-817F4C732F02} = {5301695E-21E9-4E76-A685-CC0A5F4C244E}
		{1F49D30E-68F8-40D5-91D7-1AB3CB45A700} = {5301695E-21E9-4E76-A685-CC0A5F4C244E}
		{8D183948-A046-4728-9A10-BD8A3996D7D3} = {5301695E-21E9-4E76-A685-CC0A5F4C244E}
		{CEF4C8E0-B545-4042-8D6E-B3CE33BC6EBC} = {5301695E-21E9-4E76-A685-CC0A5F4C244E}
		{3484D79D-DDE5-425D-833A-DC4A92FFB2A5} = {301B3D64-B432-4B4C-8468-E4C359BA85F9}
		{4F397BC3-B2D5-4A13-BAF1-CC30943637BC} = {EE763007-22C6-4CC8-AB33-CB68947F3EDF}
	EndGlobalSection
	GlobalSection(ExtensibilityGlobals) = postSolution
		SolutionGuid = {C55FDD19-C3C1-47F2-98D9-1A8054F8F810}
	EndGlobalSection
EndGlobal
